
Microsoft Visual Studio Solution File, Format Version 12.00
# Visual Studio Version 17
VisualStudioVersion = 17.11.35327.3
MinimumVisualStudioVersion = 10.0.40219.1
Project("{FAE04EC0-301F-11D3-BF4B-00C04F79EFBC}") = "StudentInformation", "StudentInformation.csproj", "{A872983D-2FA8-423D-8F28-0179F36530C7}"
EndProject
Global
	GlobalSection(SolutionConfigurationPlatforms) = preSolution
		Debug|Any CPU = Debug|Any CPU
		Release|Any CPU = Release|Any CPU
	EndGlobalSection
	GlobalSection(ProjectConfigurationPlatforms) = postSolution
		{A872983D-2FA8-423D-8F28-0179F36530C7}.Debug|Any CPU.ActiveCfg = Debug|Any CPU
		{A872983D-2FA8-423D-8F28-0179F36530C7}.Debug|Any CPU.Build.0 = Debug|Any CPU
		{A872983D-2FA8-423D-8F28-0179F36530C7}.Release|Any CPU.ActiveCfg = Release|Any CPU
		{A872983D-2FA8-423D-8F28-0179F36530C7}.Release|Any CPU.Build.0 = Release|Any CPU
	EndGlobalSection
	GlobalSection(SolutionProperties) = preSolution
		HideSolutionNode = FALSE
	EndGlobalSection
	GlobalSection(ExtensibilityGlobals) = postSolution
		SolutionGuid = {A5971CEA-5C08-417B-8654-D4E1C5E106FF}
	EndGlobalSection
EndGlobal
